
Microsoft Visual Studio Solution File, Format Version 11.00
# Visual Studio 2010
Project("{2150E333-8FDC-42A3-9474-1A3956D46DE8}") = "Examples", "Examples", "{357BC048-B6B4-45F0-B047-C2C6E6A0094D}"
EndProject
Project("{656346D9-4656-40DA-A068-22D5425D4639}") = "Prism.StandardAspects", "Prism.StandardAspects\Prism.StandardAspects.oxygene", "{FDFA9E51-2441-4785-9599-44A17D1B72C7}"
EndProject
Project("{656346D9-4656-40DA-A068-22D5425D4639}") = "AspectsUnitTest", "AspectsUnitTest\AspectsUnitTest.oxygene", "{1B29A181-3324-4D63-9D24-EC891CEE42C3}"
EndProject
Project("{656346D9-4656-40DA-A068-22D5425D4639}") = "NotifyPropertyChangedWindowsApplication", "Examples\NotifyPropertyChangedWindowsApplication\NotifyPropertyChangedWindowsApplication.oxygene", "{3C88FA53-9025-4640-AEF1-AFAD3C723087}"
EndProject
Project("{656346D9-4656-40DA-A068-22D5425D4639}") = "Prism.StandardAspects.DependencyInjection", "Prism.StandardAspects.DependencyInjection\Prism.StandardAspects.DependencyInjection.oxygene", "{F040DD91-4C32-4554-8995-6938B4F34AD6}"
EndProject
Project("{656346D9-4656-40DA-A068-22D5425D4639}") = "PropertyInjectorConsoleApplication", "Examples\PropertyInjectorConsoleApplication\PropertyInjectorConsoleApplication.oxygene", "{7BFE241B-6AC9-46E3-A950-8719F5CA57BC}"
EndProject
Project("{656346D9-4656-40DA-A068-22D5425D4639}") = "Prism.StandardAspects.ValidationAspects", "Prism.StandardAspects.Validation\Prism.StandardAspects.ValidationAspects\Prism.StandardAspects.ValidationAspects.oxygene", "{48FF9846-2900-4156-AF0E-1CADEA6F2A15}"
EndProject
Project("{656346D9-4656-40DA-A068-22D5425D4639}") = "Prism.StandardAspects.Validation", "Prism.StandardAspects.Validation\Prism.StandardAspects.Validation\Prism.StandardAspects.Validation.oxygene", "{F806783B-51DF-472E-8C66-22E67E494CAC}"
EndProject
Project("{656346D9-4656-40DA-A068-22D5425D4639}") = "Prism.StandardAspects.Validation.Silverlight", "Prism.StandardAspects.Validation\Prism.StandardAspects.Validation.Silverlight\Prism.StandardAspects.Validation.Silverlight.oxygene", "{21F00F20-31B7-4E87-A80A-864BCB5EC6F2}"
EndProject
Project("{2150E333-8FDC-42A3-9474-1A3956D46DE8}") = "Validation", "Validation", "{9F7C8350-CD18-465A-A9C2-EBB97CFC4F56}"
EndProject
Project("{656346D9-4656-40DA-A068-22D5425D4639}") = "IDataErrorInfoWindowsApplication", "Prism.StandardAspects.Validation\Examples\IDataErrorInfoWindowsApplication\IDataErrorInfoWindowsApplication.oxygene", "{4ECFB929-B18A-4BC5-857D-FC1D0CA63BCF}"
EndProject
Project("{656346D9-4656-40DA-A068-22D5425D4639}") = "ValidationDomain", "Prism.StandardAspects.Validation\Examples\ValidationDomain\ValidationDomain.oxygene", "{60F1DCF6-2883-490F-9B0C-B1B57F8B895D}"
EndProject
Project("{656346D9-4656-40DA-A068-22D5425D4639}") = "ValidationDomain.Silverlight", "Prism.StandardAspects.Validation\Examples\ValidationDomain.Silverlight\ValidationDomain.Silverlight.oxygene", "{B2AA992B-49F1-4E90-AB56-F8E4A4B7A77E}"
EndProject
Project("{656346D9-4656-40DA-A068-22D5425D4639}") = "ValidationDomain.Tests", "Prism.StandardAspects.Validation\Examples\ValidationDomain.Tests\ValidationDomain.Tests.oxygene", "{DAAD5EEC-DDE8-44F2-8BDE-96443020E5FB}"
EndProject
Project("{656346D9-4656-40DA-A068-22D5425D4639}") = "ValidationMVCApplication", "Prism.StandardAspects.Validation\Examples\ValidationMVCApplication\ValidationMVCApplication.oxygene", "{EC6D9154-C674-4E7D-A1BE-632F480A6905}"
EndProject
Project("{656346D9-4656-40DA-A068-22D5425D4639}") = "ValidationSilverlightApplication", "Prism.StandardAspects.Validation\Examples\ValidationSilverlightApplication\ValidationSilverlightApplication.oxygene", "{3D0B4FC3-140E-4AE4-B09C-11ABEC8DB0CF}"
EndProject
Project("{2150E333-8FDC-42A3-9474-1A3956D46DE8}") = "EnterpriseLibrary", "EnterpriseLibrary", "{15D83FA3-3B33-4F98-A29B-C22B64C604C4}"
EndProject
Project("{656346D9-4656-40DA-A068-22D5425D4639}") = "EnterpriseLibraryWebApplication", "Prism.StandardAspects.EnterpriseLibrary\EnterpriseLibraryWebApplication\EnterpriseLibraryWebApplication.oxygene", "{4751D4ED-A8EF-4F09-B434-A5A7B505363A}"
EndProject
Project("{656346D9-4656-40DA-A068-22D5425D4639}") = "Prism.StandardAspects.EnterpriseLibrary", "Prism.StandardAspects.EnterpriseLibrary\Prism.StandardAspects.EnterpriseLibrary\Prism.StandardAspects.EnterpriseLibrary.oxygene", "{5D070E1F-7122-4926-A3B8-20D87F918677}"
EndProject
Project("{656346D9-4656-40DA-A068-22D5425D4639}") = "Prism.StandardAspects.EnterpriseLibrary.Aspects", "Prism.StandardAspects.EnterpriseLibrary\Prism.StandardAspects.EnterpriseLibrary.Aspects\Prism.StandardAspects.EnterpriseLibrary.Aspects.oxygene", "{30680D6A-4C32-4634-BA49-823ED255E897}"
EndProject
Global
	GlobalSection(SolutionConfigurationPlatforms) = preSolution
		Debug|Any CPU = Debug|Any CPU
		Debug|Mixed Platforms = Debug|Mixed Platforms
		Release|Any CPU = Release|Any CPU
		Release|Mixed Platforms = Release|Mixed Platforms
	EndGlobalSection
	GlobalSection(ProjectConfigurationPlatforms) = postSolution
		{FDFA9E51-2441-4785-9599-44A17D1B72C7}.Debug|Any CPU.ActiveCfg = Debug
		{FDFA9E51-2441-4785-9599-44A17D1B72C7}.Debug|Any CPU.Build.0 = Debug
		{FDFA9E51-2441-4785-9599-44A17D1B72C7}.Debug|Mixed Platforms.ActiveCfg = Debug
		{FDFA9E51-2441-4785-9599-44A17D1B72C7}.Debug|Mixed Platforms.Build.0 = Debug
		{FDFA9E51-2441-4785-9599-44A17D1B72C7}.Release|Any CPU.ActiveCfg = Release
		{FDFA9E51-2441-4785-9599-44A17D1B72C7}.Release|Any CPU.Build.0 = Release
		{FDFA9E51-2441-4785-9599-44A17D1B72C7}.Release|Mixed Platforms.ActiveCfg = Release
		{FDFA9E51-2441-4785-9599-44A17D1B72C7}.Release|Mixed Platforms.Build.0 = Release
		{1B29A181-3324-4D63-9D24-EC891CEE42C3}.Debug|Any CPU.ActiveCfg = Debug
		{1B29A181-3324-4D63-9D24-EC891CEE42C3}.Debug|Any CPU.Build.0 = Debug
		{1B29A181-3324-4D63-9D24-EC891CEE42C3}.Debug|Mixed Platforms.ActiveCfg = Debug
		{1B29A181-3324-4D63-9D24-EC891CEE42C3}.Debug|Mixed Platforms.Build.0 = Debug
		{1B29A181-3324-4D63-9D24-EC891CEE42C3}.Release|Any CPU.ActiveCfg = Release
		{1B29A181-3324-4D63-9D24-EC891CEE42C3}.Release|Any CPU.Build.0 = Release
		{1B29A181-3324-4D63-9D24-EC891CEE42C3}.Release|Mixed Platforms.ActiveCfg = Release
		{1B29A181-3324-4D63-9D24-EC891CEE42C3}.Release|Mixed Platforms.Build.0 = Release
		{3C88FA53-9025-4640-AEF1-AFAD3C723087}.Debug|Any CPU.ActiveCfg = Debug
		{3C88FA53-9025-4640-AEF1-AFAD3C723087}.Debug|Any CPU.Build.0 = Debug
		{3C88FA53-9025-4640-AEF1-AFAD3C723087}.Debug|Mixed Platforms.ActiveCfg = Debug
		{3C88FA53-9025-4640-AEF1-AFAD3C723087}.Debug|Mixed Platforms.Build.0 = Debug
		{3C88FA53-9025-4640-AEF1-AFAD3C723087}.Release|Any CPU.ActiveCfg = Release
		{3C88FA53-9025-4640-AEF1-AFAD3C723087}.Release|Any CPU.Build.0 = Release
		{3C88FA53-9025-4640-AEF1-AFAD3C723087}.Release|Mixed Platforms.ActiveCfg = Release
		{3C88FA53-9025-4640-AEF1-AFAD3C723087}.Release|Mixed Platforms.Build.0 = Release
		{F040DD91-4C32-4554-8995-6938B4F34AD6}.Debug|Any CPU.ActiveCfg = Debug
		{F040DD91-4C32-4554-8995-6938B4F34AD6}.Debug|Any CPU.Build.0 = Debug
		{F040DD91-4C32-4554-8995-6938B4F34AD6}.Debug|Mixed Platforms.ActiveCfg = Debug
		{F040DD91-4C32-4554-8995-6938B4F34AD6}.Debug|Mixed Platforms.Build.0 = Debug
		{F040DD91-4C32-4554-8995-6938B4F34AD6}.Release|Any CPU.ActiveCfg = Release
		{F040DD91-4C32-4554-8995-6938B4F34AD6}.Release|Any CPU.Build.0 = Release
		{F040DD91-4C32-4554-8995-6938B4F34AD6}.Release|Mixed Platforms.ActiveCfg = Release
		{F040DD91-4C32-4554-8995-6938B4F34AD6}.Release|Mixed Platforms.Build.0 = Release
		{7BFE241B-6AC9-46E3-A950-8719F5CA57BC}.Debug|Any CPU.ActiveCfg = Debug
		{7BFE241B-6AC9-46E3-A950-8719F5CA57BC}.Debug|Any CPU.Build.0 = Debug
		{7BFE241B-6AC9-46E3-A950-8719F5CA57BC}.Debug|Mixed Platforms.ActiveCfg = Debug
		{7BFE241B-6AC9-46E3-A950-8719F5CA57BC}.Debug|Mixed Platforms.Build.0 = Debug
		{7BFE241B-6AC9-46E3-A950-8719F5CA57BC}.Release|Any CPU.ActiveCfg = Release
		{7BFE241B-6AC9-46E3-A950-8719F5CA57BC}.Release|Any CPU.Build.0 = Release
		{7BFE241B-6AC9-46E3-A950-8719F5CA57BC}.Release|Mixed Platforms.ActiveCfg = Release
		{7BFE241B-6AC9-46E3-A950-8719F5CA57BC}.Release|Mixed Platforms.Build.0 = Release
		{48FF9846-2900-4156-AF0E-1CADEA6F2A15}.Debug|Any CPU.ActiveCfg = Debug|Any CPU
		{48FF9846-2900-4156-AF0E-1CADEA6F2A15}.Debug|Any CPU.Build.0 = Debug|Any CPU
		{48FF9846-2900-4156-AF0E-1CADEA6F2A15}.Debug|Mixed Platforms.ActiveCfg = Debug|Any CPU
		{48FF9846-2900-4156-AF0E-1CADEA6F2A15}.Debug|Mixed Platforms.Build.0 = Debug|Any CPU
		{48FF9846-2900-4156-AF0E-1CADEA6F2A15}.Release|Any CPU.ActiveCfg = Release|Any CPU
		{48FF9846-2900-4156-AF0E-1CADEA6F2A15}.Release|Any CPU.Build.0 = Release|Any CPU
		{48FF9846-2900-4156-AF0E-1CADEA6F2A15}.Release|Mixed Platforms.ActiveCfg = Release|Any CPU
		{48FF9846-2900-4156-AF0E-1CADEA6F2A15}.Release|Mixed Platforms.Build.0 = Release|Any CPU
		{F806783B-51DF-472E-8C66-22E67E494CAC}.Debug|Any CPU.ActiveCfg = Debug|Any CPU
		{F806783B-51DF-472E-8C66-22E67E494CAC}.Debug|Any CPU.Build.0 = Debug|Any CPU
		{F806783B-51DF-472E-8C66-22E67E494CAC}.Debug|Mixed Platforms.ActiveCfg = Debug|Any CPU
		{F806783B-51DF-472E-8C66-22E67E494CAC}.Debug|Mixed Platforms.Build.0 = Debug|Any CPU
		{F806783B-51DF-472E-8C66-22E67E494CAC}.Release|Any CPU.ActiveCfg = Release|Any CPU
		{F806783B-51DF-472E-8C66-22E67E494CAC}.Release|Any CPU.Build.0 = Release|Any CPU
		{F806783B-51DF-472E-8C66-22E67E494CAC}.Release|Mixed Platforms.ActiveCfg = Release|Any CPU
		{F806783B-51DF-472E-8C66-22E67E494CAC}.Release|Mixed Platforms.Build.0 = Release|Any CPU
		{21F00F20-31B7-4E87-A80A-864BCB5EC6F2}.Debug|Any CPU.ActiveCfg = Debug|Any CPU
		{21F00F20-31B7-4E87-A80A-864BCB5EC6F2}.Debug|Any CPU.Build.0 = Debug|Any CPU
		{21F00F20-31B7-4E87-A80A-864BCB5EC6F2}.Debug|Mixed Platforms.ActiveCfg = Debug|Any CPU
		{21F00F20-31B7-4E87-A80A-864BCB5EC6F2}.Debug|Mixed Platforms.Build.0 = Debug|Any CPU
		{21F00F20-31B7-4E87-A80A-864BCB5EC6F2}.Release|Any CPU.ActiveCfg = Release|Any CPU
		{21F00F20-31B7-4E87-A80A-864BCB5EC6F2}.Release|Any CPU.Build.0 = Release|Any CPU
		{21F00F20-31B7-4E87-A80A-864BCB5EC6F2}.Release|Mixed Platforms.ActiveCfg = Release|Any CPU
		{21F00F20-31B7-4E87-A80A-864BCB5EC6F2}.Release|Mixed Platforms.Build.0 = Release|Any CPU
		{4ECFB929-B18A-4BC5-857D-FC1D0CA63BCF}.Debug|Any CPU.ActiveCfg = Debug
		{4ECFB929-B18A-4BC5-857D-FC1D0CA63BCF}.Debug|Any CPU.Build.0 = Debug
		{4ECFB929-B18A-4BC5-857D-FC1D0CA63BCF}.Debug|Mixed Platforms.ActiveCfg = Debug
		{4ECFB929-B18A-4BC5-857D-FC1D0CA63BCF}.Debug|Mixed Platforms.Build.0 = Debug
		{4ECFB929-B18A-4BC5-857D-FC1D0CA63BCF}.Release|Any CPU.ActiveCfg = Release
		{4ECFB929-B18A-4BC5-857D-FC1D0CA63BCF}.Release|Any CPU.Build.0 = Release
		{4ECFB929-B18A-4BC5-857D-FC1D0CA63BCF}.Release|Mixed Platforms.ActiveCfg = Release
		{4ECFB929-B18A-4BC5-857D-FC1D0CA63BCF}.Release|Mixed Platforms.Build.0 = Release
		{60F1DCF6-2883-490F-9B0C-B1B57F8B895D}.Debug|Any CPU.ActiveCfg = Debug
		{60F1DCF6-2883-490F-9B0C-B1B57F8B895D}.Debug|Any CPU.Build.0 = Debug
		{60F1DCF6-2883-490F-9B0C-B1B57F8B895D}.Debug|Mixed Platforms.ActiveCfg = Debug
		{60F1DCF6-2883-490F-9B0C-B1B57F8B895D}.Debug|Mixed Platforms.Build.0 = Debug
		{60F1DCF6-2883-490F-9B0C-B1B57F8B895D}.Release|Any CPU.ActiveCfg = Release
		{60F1DCF6-2883-490F-9B0C-B1B57F8B895D}.Release|Any CPU.Build.0 = Release
		{60F1DCF6-2883-490F-9B0C-B1B57F8B895D}.Release|Mixed Platforms.ActiveCfg = Release
		{60F1DCF6-2883-490F-9B0C-B1B57F8B895D}.Release|Mixed Platforms.Build.0 = Release
		{B2AA992B-49F1-4E90-AB56-F8E4A4B7A77E}.Debug|Any CPU.ActiveCfg = Debug|Any CPU
		{B2AA992B-49F1-4E90-AB56-F8E4A4B7A77E}.Debug|Any CPU.Build.0 = Debug|Any CPU
		{B2AA992B-49F1-4E90-AB56-F8E4A4B7A77E}.Debug|Mixed Platforms.ActiveCfg = Debug|Any CPU
		{B2AA992B-49F1-4E90-AB56-F8E4A4B7A77E}.Debug|Mixed Platforms.Build.0 = Debug|Any CPU
		{B2AA992B-49F1-4E90-AB56-F8E4A4B7A77E}.Release|Any CPU.ActiveCfg = Release|Any CPU
		{B2AA992B-49F1-4E90-AB56-F8E4A4B7A77E}.Release|Any CPU.Build.0 = Release|Any CPU
		{B2AA992B-49F1-4E90-AB56-F8E4A4B7A77E}.Release|Mixed Platforms.ActiveCfg = Release|Any CPU
		{B2AA992B-49F1-4E90-AB56-F8E4A4B7A77E}.Release|Mixed Platforms.Build.0 = Release|Any CPU
		{DAAD5EEC-DDE8-44F2-8BDE-96443020E5FB}.Debug|Any CPU.ActiveCfg = Debug
		{DAAD5EEC-DDE8-44F2-8BDE-96443020E5FB}.Debug|Any CPU.Build.0 = Debug
		{DAAD5EEC-DDE8-44F2-8BDE-96443020E5FB}.Debug|Mixed Platforms.ActiveCfg = Debug
		{DAAD5EEC-DDE8-44F2-8BDE-96443020E5FB}.Debug|Mixed Platforms.Build.0 = Debug
		{DAAD5EEC-DDE8-44F2-8BDE-96443020E5FB}.Release|Any CPU.ActiveCfg = Release
		{DAAD5EEC-DDE8-44F2-8BDE-96443020E5FB}.Release|Any CPU.Build.0 = Release
		{DAAD5EEC-DDE8-44F2-8BDE-96443020E5FB}.Release|Mixed Platforms.ActiveCfg = Release
		{DAAD5EEC-DDE8-44F2-8BDE-96443020E5FB}.Release|Mixed Platforms.Build.0 = Release
		{EC6D9154-C674-4E7D-A1BE-632F480A6905}.Debug|Any CPU.ActiveCfg = Debug
		{EC6D9154-C674-4E7D-A1BE-632F480A6905}.Debug|Any CPU.Build.0 = Debug
		{EC6D9154-C674-4E7D-A1BE-632F480A6905}.Debug|Mixed Platforms.ActiveCfg = Debug
		{EC6D9154-C674-4E7D-A1BE-632F480A6905}.Debug|Mixed Platforms.Build.0 = Debug
		{EC6D9154-C674-4E7D-A1BE-632F480A6905}.Release|Any CPU.ActiveCfg = Release
		{EC6D9154-C674-4E7D-A1BE-632F480A6905}.Release|Any CPU.Build.0 = Release
		{EC6D9154-C674-4E7D-A1BE-632F480A6905}.Release|Mixed Platforms.ActiveCfg = Release
		{EC6D9154-C674-4E7D-A1BE-632F480A6905}.Release|Mixed Platforms.Build.0 = Release
		{3D0B4FC3-140E-4AE4-B09C-11ABEC8DB0CF}.Debug|Any CPU.ActiveCfg = Debug|Any CPU
		{3D0B4FC3-140E-4AE4-B09C-11ABEC8DB0CF}.Debug|Any CPU.Build.0 = Debug|Any CPU
		{3D0B4FC3-140E-4AE4-B09C-11ABEC8DB0CF}.Debug|Mixed Platforms.ActiveCfg = Debug|Any CPU
		{3D0B4FC3-140E-4AE4-B09C-11ABEC8DB0CF}.Debug|Mixed Platforms.Build.0 = Debug|Any CPU
		{3D0B4FC3-140E-4AE4-B09C-11ABEC8DB0CF}.Release|Any CPU.ActiveCfg = Release|Any CPU
		{3D0B4FC3-140E-4AE4-B09C-11ABEC8DB0CF}.Release|Any CPU.Build.0 = Release|Any CPU
		{3D0B4FC3-140E-4AE4-B09C-11ABEC8DB0CF}.Release|Mixed Platforms.ActiveCfg = Release|Any CPU
		{3D0B4FC3-140E-4AE4-B09C-11ABEC8DB0CF}.Release|Mixed Platforms.Build.0 = Release|Any CPU
		{4751D4ED-A8EF-4F09-B434-A5A7B505363A}.Debug|Any CPU.ActiveCfg = Debug
		{4751D4ED-A8EF-4F09-B434-A5A7B505363A}.Debug|Any CPU.Build.0 = Debug
		{4751D4ED-A8EF-4F09-B434-A5A7B505363A}.Debug|Mixed Platforms.ActiveCfg = Debug
		{4751D4ED-A8EF-4F09-B434-A5A7B505363A}.Debug|Mixed Platforms.Build.0 = Debug
		{4751D4ED-A8EF-4F09-B434-A5A7B505363A}.Release|Any CPU.ActiveCfg = Release
		{4751D4ED-A8EF-4F09-B434-A5A7B505363A}.Release|Any CPU.Build.0 = Release
		{4751D4ED-A8EF-4F09-B434-A5A7B505363A}.Release|Mixed Platforms.ActiveCfg = Release
		{4751D4ED-A8EF-4F09-B434-A5A7B505363A}.Release|Mixed Platforms.Build.0 = Release
		{5D070E1F-7122-4926-A3B8-20D87F918677}.Debug|Any CPU.ActiveCfg = Debug
		{5D070E1F-7122-4926-A3B8-20D87F918677}.Debug|Any CPU.Build.0 = Debug
		{5D070E1F-7122-4926-A3B8-20D87F918677}.Debug|Mixed Platforms.ActiveCfg = Debug
		{5D070E1F-7122-4926-A3B8-20D87F918677}.Debug|Mixed Platforms.Build.0 = Debug
		{5D070E1F-7122-4926-A3B8-20D87F918677}.Release|Any CPU.ActiveCfg = Release
		{5D070E1F-7122-4926-A3B8-20D87F918677}.Release|Any CPU.Build.0 = Release
		{5D070E1F-7122-4926-A3B8-20D87F918677}.Release|Mixed Platforms.ActiveCfg = Release
		{5D070E1F-7122-4926-A3B8-20D87F918677}.Release|Mixed Platforms.Build.0 = Release
		{30680D6A-4C32-4634-BA49-823ED255E897}.Debug|Any CPU.ActiveCfg = Debug
		{30680D6A-4C32-4634-BA49-823ED255E897}.Debug|Any CPU.Build.0 = Debug
		{30680D6A-4C32-4634-BA49-823ED255E897}.Debug|Mixed Platforms.ActiveCfg = Debug
		{30680D6A-4C32-4634-BA49-823ED255E897}.Debug|Mixed Platforms.Build.0 = Debug
		{30680D6A-4C32-4634-BA49-823ED255E897}.Release|Any CPU.ActiveCfg = Release
		{30680D6A-4C32-4634-BA49-823ED255E897}.Release|Any CPU.Build.0 = Release
		{30680D6A-4C32-4634-BA49-823ED255E897}.Release|Mixed Platforms.ActiveCfg = Release
		{30680D6A-4C32-4634-BA49-823ED255E897}.Release|Mixed Platforms.Build.0 = Release
	EndGlobalSection
	GlobalSection(SolutionProperties) = preSolution
		HideSolutionNode = FALSE
	EndGlobalSection
	GlobalSection(NestedProjects) = preSolution
		{3C88FA53-9025-4640-AEF1-AFAD3C723087} = {357BC048-B6B4-45F0-B047-C2C6E6A0094D}
		{7BFE241B-6AC9-46E3-A950-8719F5CA57BC} = {357BC048-B6B4-45F0-B047-C2C6E6A0094D}
		{9F7C8350-CD18-465A-A9C2-EBB97CFC4F56} = {357BC048-B6B4-45F0-B047-C2C6E6A0094D}
		{15D83FA3-3B33-4F98-A29B-C22B64C604C4} = {357BC048-B6B4-45F0-B047-C2C6E6A0094D}
		{4ECFB929-B18A-4BC5-857D-FC1D0CA63BCF} = {9F7C8350-CD18-465A-A9C2-EBB97CFC4F56}
		{60F1DCF6-2883-490F-9B0C-B1B57F8B895D} = {9F7C8350-CD18-465A-A9C2-EBB97CFC4F56}
		{B2AA992B-49F1-4E90-AB56-F8E4A4B7A77E} = {9F7C8350-CD18-465A-A9C2-EBB97CFC4F56}
		{DAAD5EEC-DDE8-44F2-8BDE-96443020E5FB} = {9F7C8350-CD18-465A-A9C2-EBB97CFC4F56}
		{EC6D9154-C674-4E7D-A1BE-632F480A6905} = {9F7C8350-CD18-465A-A9C2-EBB97CFC4F56}
		{3D0B4FC3-140E-4AE4-B09C-11ABEC8DB0CF} = {9F7C8350-CD18-465A-A9C2-EBB97CFC4F56}
		{4751D4ED-A8EF-4F09-B434-A5A7B505363A} = {15D83FA3-3B33-4F98-A29B-C22B64C604C4}
	EndGlobalSection
EndGlobal

